
Microsoft Visual Studio Solution File, Format Version 12.00
# Visual Studio Version 16
VisualStudioVersion = 16.0.30523.141
MinimumVisualStudioVersion = 10.0.40219.1
Project("{FAE04EC0-301F-11D3-BF4B-00C04F79EFBC}") = "Delegat", "Delegat\Delegat.csproj", "{DCB8A90A-277E-4C64-998A-146C96F826DC}"
EndProject
Global
	GlobalSection(SolutionConfigurationPlatforms) = preSolution
		Debug|Any CPU = Debug|Any CPU
		Release|Any CPU = Release|Any CPU
	EndGlobalSection
	GlobalSection(ProjectConfigurationPlatforms) = postSolution
		{DCB8A90A-277E-4C64-998A-146C96F826DC}.Debug|Any CPU.ActiveCfg = Debug|Any CPU
		{DCB8A90A-277E-4C64-998A-146C96F826DC}.Debug|Any CPU.Build.0 = Debug|Any CPU
		{DCB8A90A-277E-4C64-998A-146C96F826DC}.Release|Any CPU.ActiveCfg = Release|Any CPU
		{DCB8A90A-277E-4C64-998A-146C96F826DC}.Release|Any CPU.Build.0 = Release|Any CPU
	EndGlobalSection
	GlobalSection(SolutionProperties) = preSolution
		HideSolutionNode = FALSE
	EndGlobalSection
	GlobalSection(ExtensibilityGlobals) = postSolution
		SolutionGuid = {3C8CF2AF-8D67-4A9D-B136-BD3A85482A83}
	EndGlobalSection
EndGlobal
