
Microsoft Visual Studio Solution File, Format Version 12.00
# Visual Studio Version 16
VisualStudioVersion = 16.0.30523.141
MinimumVisualStudioVersion = 10.0.40219.1
Project("{FAE04EC0-301F-11D3-BF4B-00C04F79EFBC}") = "BaseLib", "BaseLib\BaseLib.csproj", "{9571CD92-18EB-4884-AC15-53F593CDCDAA}"
EndProject
Project("{FAE04EC0-301F-11D3-BF4B-00C04F79EFBC}") = "Application", "Application\Application.csproj", "{92B3B532-72AD-4955-8A9E-F81A6B1929FB}"
EndProject
Project("{FAE04EC0-301F-11D3-BF4B-00C04F79EFBC}") = "MathLibTest", "MathLibTest\MathLibTest.csproj", "{BCF2D779-E65B-4286-9D1C-81DE6AB5F644}"
	ProjectSection(ProjectDependencies) = postProject
		{9571CD92-18EB-4884-AC15-53F593CDCDAA} = {9571CD92-18EB-4884-AC15-53F593CDCDAA}
	EndProjectSection
EndProject
Global
	GlobalSection(SolutionConfigurationPlatforms) = preSolution
		Debug|Any CPU = Debug|Any CPU
		Release|Any CPU = Release|Any CPU
	EndGlobalSection
	GlobalSection(ProjectConfigurationPlatforms) = postSolution
		{9571CD92-18EB-4884-AC15-53F593CDCDAA}.Debug|Any CPU.ActiveCfg = Debug|Any CPU
		{9571CD92-18EB-4884-AC15-53F593CDCDAA}.Debug|Any CPU.Build.0 = Debug|Any CPU
		{9571CD92-18EB-4884-AC15-53F593CDCDAA}.Release|Any CPU.ActiveCfg = Release|Any CPU
		{9571CD92-18EB-4884-AC15-53F593CDCDAA}.Release|Any CPU.Build.0 = Release|Any CPU
		{92B3B532-72AD-4955-8A9E-F81A6B1929FB}.Debug|Any CPU.ActiveCfg = Debug|Any CPU
		{92B3B532-72AD-4955-8A9E-F81A6B1929FB}.Debug|Any CPU.Build.0 = Debug|Any CPU
		{92B3B532-72AD-4955-8A9E-F81A6B1929FB}.Release|Any CPU.ActiveCfg = Release|Any CPU
		{92B3B532-72AD-4955-8A9E-F81A6B1929FB}.Release|Any CPU.Build.0 = Release|Any CPU
		{BCF2D779-E65B-4286-9D1C-81DE6AB5F644}.Debug|Any CPU.ActiveCfg = Debug|Any CPU
		{BCF2D779-E65B-4286-9D1C-81DE6AB5F644}.Debug|Any CPU.Build.0 = Debug|Any CPU
		{BCF2D779-E65B-4286-9D1C-81DE6AB5F644}.Release|Any CPU.ActiveCfg = Release|Any CPU
		{BCF2D779-E65B-4286-9D1C-81DE6AB5F644}.Release|Any CPU.Build.0 = Release|Any CPU
	EndGlobalSection
	GlobalSection(SolutionProperties) = preSolution
		HideSolutionNode = FALSE
	EndGlobalSection
	GlobalSection(ExtensibilityGlobals) = postSolution
		SolutionGuid = {A8D7E8B7-1BE5-41F5-9E9E-96189FC53038}
	EndGlobalSection
EndGlobal
