
Microsoft Visual Studio Solution File, Format Version 12.00
# Visual Studio Version 16
VisualStudioVersion = 16.0.30523.141
MinimumVisualStudioVersion = 10.0.40219.1
Project("{FAE04EC0-301F-11D3-BF4B-00C04F79EFBC}") = "Cviceni08", "Cviceni08\Cviceni08.csproj", "{0E917B29-B4E0-4E25-9933-3DE9648CCDCE}"
EndProject
Global
	GlobalSection(SolutionConfigurationPlatforms) = preSolution
		Debug|Any CPU = Debug|Any CPU
		Release|Any CPU = Release|Any CPU
	EndGlobalSection
	GlobalSection(ProjectConfigurationPlatforms) = postSolution
		{0E917B29-B4E0-4E25-9933-3DE9648CCDCE}.Debug|Any CPU.ActiveCfg = Debug|Any CPU
		{0E917B29-B4E0-4E25-9933-3DE9648CCDCE}.Debug|Any CPU.Build.0 = Debug|Any CPU
		{0E917B29-B4E0-4E25-9933-3DE9648CCDCE}.Release|Any CPU.ActiveCfg = Release|Any CPU
		{0E917B29-B4E0-4E25-9933-3DE9648CCDCE}.Release|Any CPU.Build.0 = Release|Any CPU
	EndGlobalSection
	GlobalSection(SolutionProperties) = preSolution
		HideSolutionNode = FALSE
	EndGlobalSection
	GlobalSection(ExtensibilityGlobals) = postSolution
		SolutionGuid = {A58CB941-AF8A-41B0-8243-2BB959D7F733}
	EndGlobalSection
EndGlobal
